// !$*UTF8*$!
{
	archiveVersion = 1;
	classes = {
	};
	objectVersion = 46;
	objects = {

/* Begin PBXBuildFile section */
		7F14AA691EEEC3FA00143790 /* AppDelegate.swift in Sources */ = {isa = PBXBuildFile; fileRef = 7F14AA681EEEC3FA00143790 /* AppDelegate.swift */; };
		7F14AA701EEEC3FA00143790 /* Assets.xcassets in Resources */ = {isa = PBXBuildFile; fileRef = 7F14AA6F1EEEC3FA00143790 /* Assets.xcassets */; };
		7F14AA731EEEC3FA00143790 /* LaunchScreen.storyboard in Resources */ = {isa = PBXBuildFile; fileRef = 7F14AA711EEEC3FA00143790 /* LaunchScreen.storyboard */; };
		7F14AA7B1EEEC63100143790 /* AppController.swift in Sources */ = {isa = PBXBuildFile; fileRef = 7F14AA7A1EEEC63100143790 /* AppController.swift */; };
		7F14AA7E1EEEC70A00143790 /* ChannelTableViewController.swift in Sources */ = {isa = PBXBuildFile; fileRef = 7F14AA7C1EEEC70A00143790 /* ChannelTableViewController.swift */; };
		7F14AA7F1EEEC70A00143790 /* ChannelTableViewController.xib in Resources */ = {isa = PBXBuildFile; fileRef = 7F14AA7D1EEEC70A00143790 /* ChannelTableViewController.xib */; };
		7F14AA8C1EEEC9CC00143790 /* ChannelTableViewModel.swift in Sources */ = {isa = PBXBuildFile; fileRef = 7F14AA8B1EEEC9CC00143790 /* ChannelTableViewModel.swift */; };
		7F14AA911EEECAAA00143790 /* ChannelTableViewCell.swift in Sources */ = {isa = PBXBuildFile; fileRef = 7F14AA8F1EEECAAA00143790 /* ChannelTableViewCell.swift */; };
		7F14AA921EEECAAA00143790 /* ChannelTableViewCell.xib in Resources */ = {isa = PBXBuildFile; fileRef = 7F14AA901EEECAAA00143790 /* ChannelTableViewCell.xib */; };
		7F14AA961EEECFE400143790 /* ChannelsStore.swift in Sources */ = {isa = PBXBuildFile; fileRef = 7F14AA951EEECFE400143790 /* ChannelsStore.swift */; };
		7F14AA981EEED0BF00143790 /* APIClient.swift in Sources */ = {isa = PBXBuildFile; fileRef = 7F14AA971EEED0BF00143790 /* APIClient.swift */; };
		7F14AA9A1EEED22300143790 /* ChannelListModel.swift in Sources */ = {isa = PBXBuildFile; fileRef = 7F14AA991EEED22300143790 /* ChannelListModel.swift */; };
		7F14AA9C1EEED23800143790 /* ChannelModel.swift in Sources */ = {isa = PBXBuildFile; fileRef = 7F14AA9B1EEED23800143790 /* ChannelModel.swift */; };
		7F5F688F1EF0276100FF5FA7 /* ScheduleCollectionViewLayout.swift in Sources */ = {isa = PBXBuildFile; fileRef = 7F5F688E1EF0276100FF5FA7 /* ScheduleCollectionViewLayout.swift */; };
		7F5F68921EF027CF00FF5FA7 /* ChannelCollectionViewController.swift in Sources */ = {isa = PBXBuildFile; fileRef = 7F5F68901EF027CF00FF5FA7 /* ChannelCollectionViewController.swift */; };
		7F5F68931EF027CF00FF5FA7 /* ChannelCollectionViewController.xib in Resources */ = {isa = PBXBuildFile; fileRef = 7F5F68911EF027CF00FF5FA7 /* ChannelCollectionViewController.xib */; };
		7F5F68961EF0377C00FF5FA7 /* StickyCollectionViewCell.swift in Sources */ = {isa = PBXBuildFile; fileRef = 7F5F68941EF0377C00FF5FA7 /* StickyCollectionViewCell.swift */; };
		7F5F68971EF0377C00FF5FA7 /* StickyCollectionViewCell.xib in Resources */ = {isa = PBXBuildFile; fileRef = 7F5F68951EF0377C00FF5FA7 /* StickyCollectionViewCell.xib */; };
		7F5F689A1EF0379500FF5FA7 /* ScheduleCollectionViewCell.swift in Sources */ = {isa = PBXBuildFile; fileRef = 7F5F68981EF0379500FF5FA7 /* ScheduleCollectionViewCell.swift */; };
		7F5F689B1EF0379500FF5FA7 /* ScheduleCollectionViewCell.xib in Resources */ = {isa = PBXBuildFile; fileRef = 7F5F68991EF0379500FF5FA7 /* ScheduleCollectionViewCell.xib */; };
		7FEA27F91EF17E0C0021DA50 /* EventModel.swift in Sources */ = {isa = PBXBuildFile; fileRef = 7FEA27F81EF17E0C0021DA50 /* EventModel.swift */; };
		C9164A03813096EB42370238 /* Pods_Astro.framework in Frameworks */ = {isa = PBXBuildFile; fileRef = DB4475B4C9B54ECA2041D989 /* Pods_Astro.framework */; };
/* End PBXBuildFile section */

/* Begin PBXFileReference section */
		7F14AA651EEEC3FA00143790 /* Astro.app */ = {isa = PBXFileReference; explicitFileType = wrapper.application; includeInIndex = 0; path = Astro.app; sourceTree = BUILT_PRODUCTS_DIR; };
		7F14AA681EEEC3FA00143790 /* AppDelegate.swift */ = {isa = PBXFileReference; lastKnownFileType = sourcecode.swift; path = AppDelegate.swift; sourceTree = "<group>"; };
		7F14AA6F1EEEC3FA00143790 /* Assets.xcassets */ = {isa = PBXFileReference; lastKnownFileType = folder.assetcatalog; path = Assets.xcassets; sourceTree = "<group>"; };
		7F14AA721EEEC3FA00143790 /* Base */ = {isa = PBXFileReference; lastKnownFileType = file.storyboard; name = Base; path = Base.lproj/LaunchScreen.storyboard; sourceTree = "<group>"; };
		7F14AA741EEEC3FA00143790 /* Info.plist */ = {isa = PBXFileReference; lastKnownFileType = text.plist.xml; path = Info.plist; sourceTree = "<group>"; };
		7F14AA7A1EEEC63100143790 /* AppController.swift */ = {isa = PBXFileReference; fileEncoding = 4; lastKnownFileType = sourcecode.swift; path = AppController.swift; sourceTree = "<group>"; };
		7F14AA7C1EEEC70A00143790 /* ChannelTableViewController.swift */ = {isa = PBXFileReference; fileEncoding = 4; lastKnownFileType = sourcecode.swift; name = ChannelTableViewController.swift; path = ../ChannelTableViewController.swift; sourceTree = "<group>"; };
		7F14AA7D1EEEC70A00143790 /* ChannelTableViewController.xib */ = {isa = PBXFileReference; fileEncoding = 4; lastKnownFileType = file.xib; name = ChannelTableViewController.xib; path = ../ChannelTableViewController.xib; sourceTree = "<group>"; };
		7F14AA8B1EEEC9CC00143790 /* ChannelTableViewModel.swift */ = {isa = PBXFileReference; fileEncoding = 4; lastKnownFileType = sourcecode.swift; path = ChannelTableViewModel.swift; sourceTree = "<group>"; };
		7F14AA8F1EEECAAA00143790 /* ChannelTableViewCell.swift */ = {isa = PBXFileReference; fileEncoding = 4; lastKnownFileType = sourcecode.swift; path = ChannelTableViewCell.swift; sourceTree = "<group>"; };
		7F14AA901EEECAAA00143790 /* ChannelTableViewCell.xib */ = {isa = PBXFileReference; fileEncoding = 4; lastKnownFileType = file.xib; path = ChannelTableViewCell.xib; sourceTree = "<group>"; };
		7F14AA951EEECFE400143790 /* ChannelsStore.swift */ = {isa = PBXFileReference; fileEncoding = 4; lastKnownFileType = sourcecode.swift; path = ChannelsStore.swift; sourceTree = "<group>"; };
		7F14AA971EEED0BF00143790 /* APIClient.swift */ = {isa = PBXFileReference; fileEncoding = 4; lastKnownFileType = sourcecode.swift; path = APIClient.swift; sourceTree = "<group>"; };
		7F14AA991EEED22300143790 /* ChannelListModel.swift */ = {isa = PBXFileReference; fileEncoding = 4; lastKnownFileType = sourcecode.swift; path = ChannelListModel.swift; sourceTree = "<group>"; };
		7F14AA9B1EEED23800143790 /* ChannelModel.swift */ = {isa = PBXFileReference; fileEncoding = 4; lastKnownFileType = sourcecode.swift; path = ChannelModel.swift; sourceTree = "<group>"; };
		7F5F688E1EF0276100FF5FA7 /* ScheduleCollectionViewLayout.swift */ = {isa = PBXFileReference; fileEncoding = 4; lastKnownFileType = sourcecode.swift; path = ScheduleCollectionViewLayout.swift; sourceTree = "<group>"; };
		7F5F68901EF027CF00FF5FA7 /* ChannelCollectionViewController.swift */ = {isa = PBXFileReference; fileEncoding = 4; lastKnownFileType = sourcecode.swift; path = ChannelCollectionViewController.swift; sourceTree = "<group>"; };
		7F5F68911EF027CF00FF5FA7 /* ChannelCollectionViewController.xib */ = {isa = PBXFileReference; fileEncoding = 4; lastKnownFileType = file.xib; path = ChannelCollectionViewController.xib; sourceTree = "<group>"; };
		7F5F68941EF0377C00FF5FA7 /* StickyCollectionViewCell.swift */ = {isa = PBXFileReference; fileEncoding = 4; lastKnownFileType = sourcecode.swift; path = StickyCollectionViewCell.swift; sourceTree = "<group>"; };
		7F5F68951EF0377C00FF5FA7 /* StickyCollectionViewCell.xib */ = {isa = PBXFileReference; fileEncoding = 4; lastKnownFileType = file.xib; path = StickyCollectionViewCell.xib; sourceTree = "<group>"; };
		7F5F68981EF0379500FF5FA7 /* ScheduleCollectionViewCell.swift */ = {isa = PBXFileReference; fileEncoding = 4; lastKnownFileType = sourcecode.swift; path = ScheduleCollectionViewCell.swift; sourceTree = "<group>"; };
		7F5F68991EF0379500FF5FA7 /* ScheduleCollectionViewCell.xib */ = {isa = PBXFileReference; fileEncoding = 4; lastKnownFileType = file.xib; path = ScheduleCollectionViewCell.xib; sourceTree = "<group>"; };
		7FEA27F81EF17E0C0021DA50 /* EventModel.swift */ = {isa = PBXFileReference; fileEncoding = 4; lastKnownFileType = sourcecode.swift; path = EventModel.swift; sourceTree = "<group>"; };
		8CFA92ED853061B367BC6A91 /* Pods-Astro.release.xcconfig */ = {isa = PBXFileReference; includeInIndex = 1; lastKnownFileType = text.xcconfig; name = "Pods-Astro.release.xcconfig"; path = "Pods/Target Support Files/Pods-Astro/Pods-Astro.release.xcconfig"; sourceTree = "<group>"; };
		B66D7062B59AA58FA0A23BC2 /* Pods-Astro.debug.xcconfig */ = {isa = PBXFileReference; includeInIndex = 1; lastKnownFileType = text.xcconfig; name = "Pods-Astro.debug.xcconfig"; path = "Pods/Target Support Files/Pods-Astro/Pods-Astro.debug.xcconfig"; sourceTree = "<group>"; };
		DB4475B4C9B54ECA2041D989 /* Pods_Astro.framework */ = {isa = PBXFileReference; explicitFileType = wrapper.framework; includeInIndex = 0; path = Pods_Astro.framework; sourceTree = BUILT_PRODUCTS_DIR; };
/* End PBXFileReference section */

/* Begin PBXFrameworksBuildPhase section */
		7F14AA621EEEC3FA00143790 /* Frameworks */ = {
			isa = PBXFrameworksBuildPhase;
			buildActionMask = 2147483647;
			files = (
				C9164A03813096EB42370238 /* Pods_Astro.framework in Frameworks */,
			);
			runOnlyForDeploymentPostprocessing = 0;
		};
/* End PBXFrameworksBuildPhase section */

/* Begin PBXGroup section */
		2455F1E9606E907BD9381F09 /* Pods */ = {
			isa = PBXGroup;
			children = (
				B66D7062B59AA58FA0A23BC2 /* Pods-Astro.debug.xcconfig */,
				8CFA92ED853061B367BC6A91 /* Pods-Astro.release.xcconfig */,
			);
			name = Pods;
			sourceTree = "<group>";
		};
		75C6BEA481A6DC3E46FF858C /* Frameworks */ = {
			isa = PBXGroup;
			children = (
				DB4475B4C9B54ECA2041D989 /* Pods_Astro.framework */,
			);
			name = Frameworks;
			sourceTree = "<group>";
		};
		7F14AA5C1EEEC3FA00143790 = {
			isa = PBXGroup;
			children = (
				7F14AA671EEEC3FA00143790 /* Astro */,
				7F14AA661EEEC3FA00143790 /* Products */,
				2455F1E9606E907BD9381F09 /* Pods */,
				75C6BEA481A6DC3E46FF858C /* Frameworks */,
			);
			sourceTree = "<group>";
		};
		7F14AA661EEEC3FA00143790 /* Products */ = {
			isa = PBXGroup;
			children = (
				7F14AA651EEEC3FA00143790 /* Astro.app */,
			);
			name = Products;
			sourceTree = "<group>";
		};
		7F14AA671EEEC3FA00143790 /* Astro */ = {
			isa = PBXGroup;
			children = (
				7F14AA941EEECFB100143790 /* Stores */,
				7F14AA931EEECF5200143790 /* API */,
				7F14AA8E1EEECA5E00143790 /* Views */,
				7F14AA8D1EEECA3200143790 /* Models */,
				7F14AA8A1EEEC9A300143790 /* ViewModels */,
				7F14AA681EEEC3FA00143790 /* AppDelegate.swift */,
				7F14AA6F1EEEC3FA00143790 /* Assets.xcassets */,
				7F14AA711EEEC3FA00143790 /* LaunchScreen.storyboard */,
				7F14AA741EEEC3FA00143790 /* Info.plist */,
				7F14AA7A1EEEC63100143790 /* AppController.swift */,
			);
			path = Astro;
			sourceTree = "<group>";
		};
		7F14AA8A1EEEC9A300143790 /* ViewModels */ = {
			isa = PBXGroup;
			children = (
				7F14AA8B1EEEC9CC00143790 /* ChannelTableViewModel.swift */,
			);
			path = ViewModels;
			sourceTree = "<group>";
		};
		7F14AA8D1EEECA3200143790 /* Models */ = {
			isa = PBXGroup;
			children = (
				7F14AA991EEED22300143790 /* ChannelListModel.swift */,
				7F14AA9B1EEED23800143790 /* ChannelModel.swift */,
				7FEA27F81EF17E0C0021DA50 /* EventModel.swift */,
			);
			path = Models;
			sourceTree = "<group>";
		};
		7F14AA8E1EEECA5E00143790 /* Views */ = {
			isa = PBXGroup;
			children = (
				7F14AA7C1EEEC70A00143790 /* ChannelTableViewController.swift */,
				7F14AA7D1EEEC70A00143790 /* ChannelTableViewController.xib */,
				7F14AA8F1EEECAAA00143790 /* ChannelTableViewCell.swift */,
				7F14AA901EEECAAA00143790 /* ChannelTableViewCell.xib */,
				7F5F688E1EF0276100FF5FA7 /* ScheduleCollectionViewLayout.swift */,
				7F5F68901EF027CF00FF5FA7 /* ChannelCollectionViewController.swift */,
				7F5F68911EF027CF00FF5FA7 /* ChannelCollectionViewController.xib */,
				7F5F68941EF0377C00FF5FA7 /* StickyCollectionViewCell.swift */,
				7F5F68951EF0377C00FF5FA7 /* StickyCollectionViewCell.xib */,
				7F5F68981EF0379500FF5FA7 /* ScheduleCollectionViewCell.swift */,
				7F5F68991EF0379500FF5FA7 /* ScheduleCollectionViewCell.xib */,
			);
			path = Views;
			sourceTree = "<group>";
		};
		7F14AA931EEECF5200143790 /* API */ = {
			isa = PBXGroup;
			children = (
				7F14AA971EEED0BF00143790 /* APIClient.swift */,
			);
			path = API;
			sourceTree = "<group>";
		};
		7F14AA941EEECFB100143790 /* Stores */ = {
			isa = PBXGroup;
			children = (
				7F14AA951EEECFE400143790 /* ChannelsStore.swift */,
			);
			path = Stores;
			sourceTree = "<group>";
		};
/* End PBXGroup section */

/* Begin PBXNativeTarget section */
		7F14AA641EEEC3FA00143790 /* Astro */ = {
			isa = PBXNativeTarget;
			buildConfigurationList = 7F14AA771EEEC3FA00143790 /* Build configuration list for PBXNativeTarget "Astro" */;
			buildPhases = (
				F458F12D00A5A20F589ADB56 /* [CP] Check Pods Manifest.lock */,
				7F14AA611EEEC3FA00143790 /* Sources */,
				7F14AA621EEEC3FA00143790 /* Frameworks */,
				7F14AA631EEEC3FA00143790 /* Resources */,
				887FF54C02D1C575798FFD47 /* [CP] Embed Pods Frameworks */,
				3D419C101054C09E3EF1D743 /* [CP] Copy Pods Resources */,
			);
			buildRules = (
			);
			dependencies = (
			);
			name = Astro;
			productName = Astro;
			productReference = 7F14AA651EEEC3FA00143790 /* Astro.app */;
			productType = "com.apple.product-type.application";
		};
/* End PBXNativeTarget section */

/* Begin PBXProject section */
		7F14AA5D1EEEC3FA00143790 /* Project object */ = {
			isa = PBXProject;
			attributes = {
				LastSwiftUpdateCheck = 0830;
				LastUpgradeCheck = 0830;
				ORGANIZATIONNAME = kevin;
				TargetAttributes = {
					7F14AA641EEEC3FA00143790 = {
						CreatedOnToolsVersion = 8.3.2;
						ProvisioningStyle = Automatic;
					};
				};
			};
			buildConfigurationList = 7F14AA601EEEC3FA00143790 /* Build configuration list for PBXProject "Astro" */;
			compatibilityVersion = "Xcode 3.2";
			developmentRegion = English;
			hasScannedForEncodings = 0;
			knownRegions = (
				en,
				Base,
			);
			mainGroup = 7F14AA5C1EEEC3FA00143790;
			productRefGroup = 7F14AA661EEEC3FA00143790 /* Products */;
			projectDirPath = "";
			projectRoot = "";
			targets = (
				7F14AA641EEEC3FA00143790 /* Astro */,
			);
		};
/* End PBXProject section */

/* Begin PBXResourcesBuildPhase section */
		7F14AA631EEEC3FA00143790 /* Resources */ = {
			isa = PBXResourcesBuildPhase;
			buildActionMask = 2147483647;
			files = (
				7F5F68931EF027CF00FF5FA7 /* ChannelCollectionViewController.xib in Resources */,
				7F14AA731EEEC3FA00143790 /* LaunchScreen.storyboard in Resources */,
				7F14AA921EEECAAA00143790 /* ChannelTableViewCell.xib in Resources */,
				7F5F68971EF0377C00FF5FA7 /* StickyCollectionViewCell.xib in Resources */,
				7F14AA7F1EEEC70A00143790 /* ChannelTableViewController.xib in Resources */,
				7F14AA701EEEC3FA00143790 /* Assets.xcassets in Resources */,
				7F5F689B1EF0379500FF5FA7 /* ScheduleCollectionViewCell.xib in Resources */,
			);
			runOnlyForDeploymentPostprocessing = 0;
		};
/* End PBXResourcesBuildPhase section */

/* Begin PBXShellScriptBuildPhase section */
		3D419C101054C09E3EF1D743 /* [CP] Copy Pods Resources */ = {
			isa = PBXShellScriptBuildPhase;
			buildActionMask = 2147483647;
			files = (
			);
			inputPaths = (
			);
			name = "[CP] Copy Pods Resources";
			outputPaths = (
			);
			runOnlyForDeploymentPostprocessing = 0;
			shellPath = /bin/sh;
			shellScript = "\"${SRCROOT}/Pods/Target Support Files/Pods-Astro/Pods-Astro-resources.sh\"\n";
			showEnvVarsInLog = 0;
		};
		887FF54C02D1C575798FFD47 /* [CP] Embed Pods Frameworks */ = {
			isa = PBXShellScriptBuildPhase;
			buildActionMask = 2147483647;
			files = (
			);
			inputPaths = (
			);
			name = "[CP] Embed Pods Frameworks";
			outputPaths = (
			);
			runOnlyForDeploymentPostprocessing = 0;
			shellPath = /bin/sh;
			shellScript = "\"${SRCROOT}/Pods/Target Support Files/Pods-Astro/Pods-Astro-frameworks.sh\"\n";
			showEnvVarsInLog = 0;
		};
		F458F12D00A5A20F589ADB56 /* [CP] Check Pods Manifest.lock */ = {
			isa = PBXShellScriptBuildPhase;
			buildActionMask = 2147483647;
			files = (
			);
			inputPaths = (
			);
			name = "[CP] Check Pods Manifest.lock";
			outputPaths = (
			);
			runOnlyForDeploymentPostprocessing = 0;
			shellPath = /bin/sh;
			shellScript = "diff \"${PODS_PODFILE_DIR_PATH}/Podfile.lock\" \"${PODS_ROOT}/Manifest.lock\" > /dev/null\nif [ $? != 0 ] ; then\n    # print error to STDERR\n    echo \"error: The sandbox is not in sync with the Podfile.lock. Run 'pod install' or update your CocoaPods installation.\" >&2\n    exit 1\nfi\n";
			showEnvVarsInLog = 0;
		};
/* End PBXShellScriptBuildPhase section */

/* Begin PBXSourcesBuildPhase section */
		7F14AA611EEEC3FA00143790 /* Sources */ = {
			isa = PBXSourcesBuildPhase;
			buildActionMask = 2147483647;
			files = (
				7F14AA691EEEC3FA00143790 /* AppDelegate.swift in Sources */,
				7F14AA981EEED0BF00143790 /* APIClient.swift in Sources */,
				7F14AA7B1EEEC63100143790 /* AppController.swift in Sources */,
				7F14AA7E1EEEC70A00143790 /* ChannelTableViewController.swift in Sources */,
				7FEA27F91EF17E0C0021DA50 /* EventModel.swift in Sources */,
				7F14AA961EEECFE400143790 /* ChannelsStore.swift in Sources */,
				7F14AA8C1EEEC9CC00143790 /* ChannelTableViewModel.swift in Sources */,
				7F14AA911EEECAAA00143790 /* ChannelTableViewCell.swift in Sources */,
				7F5F689A1EF0379500FF5FA7 /* ScheduleCollectionViewCell.swift in Sources */,
				7F14AA9C1EEED23800143790 /* ChannelModel.swift in Sources */,
				7F14AA9A1EEED22300143790 /* ChannelListModel.swift in Sources */,
				7F5F688F1EF0276100FF5FA7 /* ScheduleCollectionViewLayout.swift in Sources */,
				7F5F68921EF027CF00FF5FA7 /* ChannelCollectionViewController.swift in Sources */,
				7F5F68961EF0377C00FF5FA7 /* StickyCollectionViewCell.swift in Sources */,
			);
			runOnlyForDeploymentPostprocessing = 0;
		};
/* End PBXSourcesBuildPhase section */

/* Begin PBXVariantGroup section */
		7F14AA711EEEC3FA00143790 /* LaunchScreen.storyboard */ = {
			isa = PBXVariantGroup;
			children = (
				7F14AA721EEEC3FA00143790 /* Base */,
			);
			name = LaunchScreen.storyboard;
			sourceTree = "<group>";
		};
/* End PBXVariantGroup section */

/* Begin XCBuildConfiguration section */
		7F14AA751EEEC3FA00143790 /* Debug */ = {
			isa = XCBuildConfiguration;
			buildSettings = {
				ALWAYS_SEARCH_USER_PATHS = NO;
				CLANG_ANALYZER_NONNULL = YES;
				CLANG_ANALYZER_NUMBER_OBJECT_CONVERSION = YES_AGGRESSIVE;
				CLANG_CXX_LANGUAGE_STANDARD = "gnu++0x";
				CLANG_CXX_LIBRARY = "libc++";
				CLANG_ENABLE_MODULES = YES;
				CLANG_ENABLE_OBJC_ARC = YES;
				CLANG_WARN_BOOL_CONVERSION = YES;
				CLANG_WARN_CONSTANT_CONVERSION = YES;
				CLANG_WARN_DIRECT_OBJC_ISA_USAGE = YES_ERROR;
				CLANG_WARN_DOCUMENTATION_COMMENTS = YES;
				CLANG_WARN_EMPTY_BODY = YES;
				CLANG_WARN_ENUM_CONVERSION = YES;
				CLANG_WARN_INFINITE_RECURSION = YES;
				CLANG_WARN_INT_CONVERSION = YES;
				CLANG_WARN_OBJC_ROOT_CLASS = YES_ERROR;
				CLANG_WARN_SUSPICIOUS_MOVE = YES;
				CLANG_WARN_UNREACHABLE_CODE = YES;
				CLANG_WARN__DUPLICATE_METHOD_MATCH = YES;
				"CODE_SIGN_IDENTITY[sdk=iphoneos*]" = "iPhone Developer";
				COPY_PHASE_STRIP = NO;
				DEBUG_INFORMATION_FORMAT = dwarf;
				ENABLE_STRICT_OBJC_MSGSEND = YES;
				ENABLE_TESTABILITY = YES;
				GCC_C_LANGUAGE_STANDARD = gnu99;
				GCC_DYNAMIC_NO_PIC = NO;
				GCC_NO_COMMON_BLOCKS = YES;
				GCC_OPTIMIZATION_LEVEL = 0;
				GCC_PREPROCESSOR_DEFINITIONS = (
					"DEBUG=1",
					"$(inherited)",
				);
				GCC_WARN_64_TO_32_BIT_CONVERSION = YES;
				GCC_WARN_ABOUT_RETURN_TYPE = YES_ERROR;
				GCC_WARN_UNDECLARED_SELECTOR = YES;
				GCC_WARN_UNINITIALIZED_AUTOS = YES_AGGRESSIVE;
				GCC_WARN_UNUSED_FUNCTION = YES;
				GCC_WARN_UNUSED_VARIABLE = YES;
				IPHONEOS_DEPLOYMENT_TARGET = 10.3;
				MTL_ENABLE_DEBUG_INFO = YES;
				ONLY_ACTIVE_ARCH = YES;
				SDKROOT = iphoneos;
				SWIFT_ACTIVE_COMPILATION_CONDITIONS = DEBUG;
				SWIFT_OPTIMIZATION_LEVEL = "-Onone";
			};
			name = Debug;
		};
		7F14AA761EEEC3FA00143790 /* Release */ = {
			isa = XCBuildConfiguration;
			buildSettings = {
				ALWAYS_SEARCH_USER_PATHS = NO;
				CLANG_ANALYZER_NONNULL = YES;
				CLANG_ANALYZER_NUMBER_OBJECT_CONVERSION = YES_AGGRESSIVE;
				CLANG_CXX_LANGUAGE_STANDARD = "gnu++0x";
				CLANG_CXX_LIBRARY = "libc++";
				CLANG_ENABLE_MODULES = YES;
				CLANG_ENABLE_OBJC_ARC = YES;
				CLANG_WARN_BOOL_CONVERSION = YES;
				CLANG_WARN_CONSTANT_CONVERSION = YES;
				CLANG_WARN_DIRECT_OBJC_ISA_USAGE = YES_ERROR;
				CLANG_WARN_DOCUMENTATION_COMMENTS = YES;
				CLANG_WARN_EMPTY_BODY = YES;
				CLANG_WARN_ENUM_CONVERSION = YES;
				CLANG_WARN_INFINITE_RECURSION = YES;
				CLANG_WARN_INT_CONVERSION = YES;
				CLANG_WARN_OBJC_ROOT_CLASS = YES_ERROR;
				CLANG_WARN_SUSPICIOUS_MOVE = YES;
				CLANG_WARN_UNREACHABLE_CODE = YES;
				CLANG_WARN__DUPLICATE_METHOD_MATCH = YES;
				"CODE_SIGN_IDENTITY[sdk=iphoneos*]" = "iPhone Developer";
				COPY_PHASE_STRIP = NO;
				DEBUG_INFORMATION_FORMAT = "dwarf-with-dsym";
				ENABLE_NS_ASSERTIONS = NO;
				ENABLE_STRICT_OBJC_MSGSEND = YES;
				GCC_C_LANGUAGE_STANDARD = gnu99;
				GCC_NO_COMMON_BLOCKS = YES;
				GCC_WARN_64_TO_32_BIT_CONVERSION = YES;
				GCC_WARN_ABOUT_RETURN_TYPE = YES_ERROR;
				GCC_WARN_UNDECLARED_SELECTOR = YES;
				GCC_WARN_UNINITIALIZED_AUTOS = YES_AGGRESSIVE;
				GCC_WARN_UNUSED_FUNCTION = YES;
				GCC_WARN_UNUSED_VARIABLE = YES;
				IPHONEOS_DEPLOYMENT_TARGET = 10.3;
				MTL_ENABLE_DEBUG_INFO = NO;
				SDKROOT = iphoneos;
				SWIFT_OPTIMIZATION_LEVEL = "-Owholemodule";
				VALIDATE_PRODUCT = YES;
			};
			name = Release;
		};
		7F14AA781EEEC3FA00143790 /* Debug */ = {
			isa = XCBuildConfiguration;
			baseConfigurationReference = B66D7062B59AA58FA0A23BC2 /* Pods-Astro.debug.xcconfig */;
			buildSettings = {
				ASSETCATALOG_COMPILER_APPICON_NAME = AppIcon;
				INFOPLIST_FILE = Astro/Info.plist;
				LD_RUNPATH_SEARCH_PATHS = "$(inherited) @executable_path/Frameworks";
				PRODUCT_BUNDLE_IDENTIFIER = com.kevin.Astro;
				PRODUCT_NAME = "$(TARGET_NAME)";
				SWIFT_VERSION = 3.0;
			};
			name = Debug;
		};
		7F14AA791EEEC3FA00143790 /* Release */ = {
			isa = XCBuildConfiguration;
			baseConfigurationReference = 8CFA92ED853061B367BC6A91 /* Pods-Astro.release.xcconfig */;
			buildSettings = {
				ASSETCATALOG_COMPILER_APPICON_NAME = AppIcon;
				INFOPLIST_FILE = Astro/Info.plist;
				LD_RUNPATH_SEARCH_PATHS = "$(inherited) @executable_path/Frameworks";
				PRODUCT_BUNDLE_IDENTIFIER = com.kevin.Astro;
				PRODUCT_NAME = "$(TARGET_NAME)";
				SWIFT_VERSION = 3.0;
			};
			name = Release;
		};
/* End XCBuildConfiguration section */

/* Begin XCConfigurationList section */
		7F14AA601EEEC3FA00143790 /* Build configuration list for PBXProject "Astro" */ = {
			isa = XCConfigurationList;
			buildConfigurations = (
				7F14AA751EEEC3FA00143790 /* Debug */,
				7F14AA761EEEC3FA00143790 /* Release */,
			);
			defaultConfigurationIsVisible = 0;
			defaultConfigurationName = Release;
		};
		7F14AA771EEEC3FA00143790 /* Build configuration list for PBXNativeTarget "Astro" */ = {
			isa = XCConfigurationList;
			buildConfigurations = (
				7F14AA781EEEC3FA00143790 /* Debug */,
				7F14AA791EEEC3FA00143790 /* Release */,
			);
			defaultConfigurationIsVisible = 0;
			defaultConfigurationName = Release;
		};
/* End XCConfigurationList section */
	};
	rootObject = 7F14AA5D1EEEC3FA00143790 /* Project object */;
}
